{
  "requires": true,
  "lockfileVersion": 1,
  "dependencies": {
    "nuxt-matomo": {
      "version": "1.2.4",
      "resolved": "https://registry.npmjs.org/nuxt-matomo/-/nuxt-matomo-1.2.4.tgz",
      "integrity": "sha512-09cIWnj6v58CMbEDS+mVTnJ97BaO/fJaQDPk31sa27jejcD80bIvNowkAJMj4OcVWMeeIVTljClMHE6249cFtw=="
    }
  }
}
